
Microsoft Visual Studio Solution File, Format Version 12.00
# Visual Studio Version 17
VisualStudioVersion = 17.0.31919.166
MinimumVisualStudioVersion = 10.0.40219.1
Project("{8BC9CEB8-8B4A-11D0-8D11-00A0C91BC942}") = "ConsoleGraphicsEngine", "ConsoleGraphicsEngine\ConsoleGraphicsEngine.vcxproj", "{C50BFAFE-BEDE-434E-BD89-F94E19622D50}"
EndProject
Global
	GlobalSection(SolutionConfigurationPlatforms) = preSolution
		Debug|x64 = Debug|x64
		Debug|x86 = Debug|x86
		Release|x64 = Release|x64
		Release|x86 = Release|x86
	EndGlobalSection
	GlobalSection(ProjectConfigurationPlatforms) = postSolution
		{C50BFAFE-BEDE-434E-BD89-F94E19622D50}.Debug|x64.ActiveCfg = Debug|x64
		{C50BFAFE-BEDE-434E-BD89-F94E19622D50}.Debug|x64.Build.0 = Debug|x64
		{C50BFAFE-BEDE-434E-BD89-F94E19622D50}.Debug|x86.ActiveCfg = Debug|Win32
		{C50BFAFE-BEDE-434E-BD89-F94E19622D50}.Debug|x86.Build.0 = Debug|Win32
		{C50BFAFE-BEDE-434E-BD89-F94E19622D50}.Release|x64.ActiveCfg = Release|x64
		{C50BFAFE-BEDE-434E-BD89-F94E19622D50}.Release|x64.Build.0 = Release|x64
		{C50BFAFE-BEDE-434E-BD89-F94E19622D50}.Release|x86.ActiveCfg = Release|Win32
		{C50BFAFE-BEDE-434E-BD89-F94E19622D50}.Release|x86.Build.0 = Release|Win32
	EndGlobalSection
	GlobalSection(SolutionProperties) = preSolution
		HideSolutionNode = FALSE
	EndGlobalSection
	GlobalSection(ExtensibilityGlobals) = postSolution
		SolutionGuid = {1F9B6DD2-4748-4F92-BED6-17620F51593B}
	EndGlobalSection
EndGlobal
